{
  "pins" : [
    {
      "identity" : "mobile-ios-utilities",
      "kind" : "remoteSourceControl",
      "location" : "https://github.com/govuk-one-login/mobile-ios-utilities",
      "state" : {
        "revision" : "a67b1c345e1ba39f71ef60d8c9faa7a8a7d55794",
        "version" : "1.1.1"
      }
    },
    {
      "identity" : "swiftlintplugins",
      "kind" : "remoteSourceControl",
      "location" : "https://github.com/SimplyDanny/SwiftLintPlugins",
      "state" : {
        "revision" : "3292bab28e6e92000161348003fdef8edc4e582d",
        "version" : "0.65.0"
      }
    }
  ],
  "version" : 2
}
